
Microsoft Visual Studio Solution File, Format Version 12.00
# Visual Studio Version 16
VisualStudioVersion = 16.0.32901.82
MinimumVisualStudioVersion = 10.0.40219.1
Project("{FAE04EC0-301F-11D3-BF4B-00C04F79EFBC}") = "WebApiQuespond", "WebApiQuespond.csproj", "{ECF530C8-0971-497C-AB72-B923F76A98C0}"
EndProject
Global
	GlobalSection(SolutionConfigurationPlatforms) = preSolution
		Debug|Any CPU = Debug|Any CPU
		Release|Any CPU = Release|Any CPU
	EndGlobalSection
	GlobalSection(ProjectConfigurationPlatforms) = postSolution
		{ECF530C8-0971-497C-AB72-B923F76A98C0}.Debug|Any CPU.ActiveCfg = Debug|Any CPU
		{ECF530C8-0971-497C-AB72-B923F76A98C0}.Debug|Any CPU.Build.0 = Debug|Any CPU
		{ECF530C8-0971-497C-AB72-B923F76A98C0}.Release|Any CPU.ActiveCfg = Release|Any CPU
		{ECF530C8-0971-497C-AB72-B923F76A98C0}.Release|Any CPU.Build.0 = Release|Any CPU
	EndGlobalSection
	GlobalSection(SolutionProperties) = preSolution
		HideSolutionNode = FALSE
	EndGlobalSection
	GlobalSection(ExtensibilityGlobals) = postSolution
		SolutionGuid = {8F1C33D0-1E40-42E8-9AC1-C766709DCBEE}
	EndGlobalSection
EndGlobal
